
Microsoft Visual Studio Solution File, Format Version 12.00
# Visual Studio Version 17
VisualStudioVersion = 17.0.31903.59
MinimumVisualStudioVersion = 10.0.40219.1
Project("{FAE04EC0-301F-11D3-BF4B-00C04F79EFBC}") = "Application", "Application\Application.csproj", "{C13E5D84-14AC-4336-A378-C7422720ADE7}"
EndProject
Project("{FAE04EC0-301F-11D3-BF4B-00C04F79EFBC}") = "API", "API\API.csproj", "{E0B9F54A-F39C-4E68-96CF-F6D4B3D3D135}"
EndProject
Project("{FAE04EC0-301F-11D3-BF4B-00C04F79EFBC}") = "Infrastructure", "Infrastructure\Infrastructure.csproj", "{E4CBA762-878C-4FD3-A2DF-7DB670D33D24}"
EndProject
Project("{FAE04EC0-301F-11D3-BF4B-00C04F79EFBC}") = "Domain", "Domain\Domain.csproj", "{CF73FB81-1915-47F1-9432-4D76BDC7596F}"
EndProject
Global
	GlobalSection(SolutionConfigurationPlatforms) = preSolution
		Debug|Any CPU = Debug|Any CPU
		Debug|x64 = Debug|x64
		Debug|x86 = Debug|x86
		Release|Any CPU = Release|Any CPU
		Release|x64 = Release|x64
		Release|x86 = Release|x86
	EndGlobalSection
	GlobalSection(ProjectConfigurationPlatforms) = postSolution
		{C13E5D84-14AC-4336-A378-C7422720ADE7}.Debug|Any CPU.ActiveCfg = Debug|Any CPU
		{C13E5D84-14AC-4336-A378-C7422720ADE7}.Debug|Any CPU.Build.0 = Debug|Any CPU
		{C13E5D84-14AC-4336-A378-C7422720ADE7}.Debug|x64.ActiveCfg = Debug|Any CPU
		{C13E5D84-14AC-4336-A378-C7422720ADE7}.Debug|x64.Build.0 = Debug|Any CPU
		{C13E5D84-14AC-4336-A378-C7422720ADE7}.Debug|x86.ActiveCfg = Debug|Any CPU
		{C13E5D84-14AC-4336-A378-C7422720ADE7}.Debug|x86.Build.0 = Debug|Any CPU
		{C13E5D84-14AC-4336-A378-C7422720ADE7}.Release|Any CPU.ActiveCfg = Release|Any CPU
		{C13E5D84-14AC-4336-A378-C7422720ADE7}.Release|Any CPU.Build.0 = Release|Any CPU
		{C13E5D84-14AC-4336-A378-C7422720ADE7}.Release|x64.ActiveCfg = Release|Any CPU
		{C13E5D84-14AC-4336-A378-C7422720ADE7}.Release|x64.Build.0 = Release|Any CPU
		{C13E5D84-14AC-4336-A378-C7422720ADE7}.Release|x86.ActiveCfg = Release|Any CPU
		{C13E5D84-14AC-4336-A378-C7422720ADE7}.Release|x86.Build.0 = Release|Any CPU
		{E0B9F54A-F39C-4E68-96CF-F6D4B3D3D135}.Debug|Any CPU.ActiveCfg = Debug|Any CPU
		{E0B9F54A-F39C-4E68-96CF-F6D4B3D3D135}.Debug|Any CPU.Build.0 = Debug|Any CPU
		{E0B9F54A-F39C-4E68-96CF-F6D4B3D3D135}.Debug|x64.ActiveCfg = Debug|Any CPU
		{E0B9F54A-F39C-4E68-96CF-F6D4B3D3D135}.Debug|x64.Build.0 = Debug|Any CPU
		{E0B9F54A-F39C-4E68-96CF-F6D4B3D3D135}.Debug|x86.ActiveCfg = Debug|Any CPU
		{E0B9F54A-F39C-4E68-96CF-F6D4B3D3D135}.Debug|x86.Build.0 = Debug|Any CPU
		{E0B9F54A-F39C-4E68-96CF-F6D4B3D3D135}.Release|Any CPU.ActiveCfg = Release|Any CPU
		{E0B9F54A-F39C-4E68-96CF-F6D4B3D3D135}.Release|Any CPU.Build.0 = Release|Any CPU
		{E0B9F54A-F39C-4E68-96CF-F6D4B3D3D135}.Release|x64.ActiveCfg = Release|Any CPU
		{E0B9F54A-F39C-4E68-96CF-F6D4B3D3D135}.Release|x64.Build.0 = Release|Any CPU
		{E0B9F54A-F39C-4E68-96CF-F6D4B3D3D135}.Release|x86.ActiveCfg = Release|Any CPU
		{E0B9F54A-F39C-4E68-96CF-F6D4B3D3D135}.Release|x86.Build.0 = Release|Any CPU
		{E4CBA762-878C-4FD3-A2DF-7DB670D33D24}.Debug|Any CPU.ActiveCfg = Debug|Any CPU
		{E4CBA762-878C-4FD3-A2DF-7DB670D33D24}.Debug|Any CPU.Build.0 = Debug|Any CPU
		{E4CBA762-878C-4FD3-A2DF-7DB670D33D24}.Debug|x64.ActiveCfg = Debug|Any CPU
		{E4CBA762-878C-4FD3-A2DF-7DB670D33D24}.Debug|x64.Build.0 = Debug|Any CPU
		{E4CBA762-878C-4FD3-A2DF-7DB670D33D24}.Debug|x86.ActiveCfg = Debug|Any CPU
		{E4CBA762-878C-4FD3-A2DF-7DB670D33D24}.Debug|x86.Build.0 = Debug|Any CPU
		{E4CBA762-878C-4FD3-A2DF-7DB670D33D24}.Release|Any CPU.ActiveCfg = Release|Any CPU
		{E4CBA762-878C-4FD3-A2DF-7DB670D33D24}.Release|Any CPU.Build.0 = Release|Any CPU
		{E4CBA762-878C-4FD3-A2DF-7DB670D33D24}.Release|x64.ActiveCfg = Release|Any CPU
		{E4CBA762-878C-4FD3-A2DF-7DB670D33D24}.Release|x64.Build.0 = Release|Any CPU
		{E4CBA762-878C-4FD3-A2DF-7DB670D33D24}.Release|x86.ActiveCfg = Release|Any CPU
		{E4CBA762-878C-4FD3-A2DF-7DB670D33D24}.Release|x86.Build.0 = Release|Any CPU
		{CF73FB81-1915-47F1-9432-4D76BDC7596F}.Debug|Any CPU.ActiveCfg = Debug|Any CPU
		{CF73FB81-1915-47F1-9432-4D76BDC7596F}.Debug|Any CPU.Build.0 = Debug|Any CPU
		{CF73FB81-1915-47F1-9432-4D76BDC7596F}.Debug|x64.ActiveCfg = Debug|Any CPU
		{CF73FB81-1915-47F1-9432-4D76BDC7596F}.Debug|x64.Build.0 = Debug|Any CPU
		{CF73FB81-1915-47F1-9432-4D76BDC7596F}.Debug|x86.ActiveCfg = Debug|Any CPU
		{CF73FB81-1915-47F1-9432-4D76BDC7596F}.Debug|x86.Build.0 = Debug|Any CPU
		{CF73FB81-1915-47F1-9432-4D76BDC7596F}.Release|Any CPU.ActiveCfg = Release|Any CPU
		{CF73FB81-1915-47F1-9432-4D76BDC7596F}.Release|Any CPU.Build.0 = Release|Any CPU
		{CF73FB81-1915-47F1-9432-4D76BDC7596F}.Release|x64.ActiveCfg = Release|Any CPU
		{CF73FB81-1915-47F1-9432-4D76BDC7596F}.Release|x64.Build.0 = Release|Any CPU
		{CF73FB81-1915-47F1-9432-4D76BDC7596F}.Release|x86.ActiveCfg = Release|Any CPU
		{CF73FB81-1915-47F1-9432-4D76BDC7596F}.Release|x86.Build.0 = Release|Any CPU
	EndGlobalSection
	GlobalSection(SolutionProperties) = preSolution
		HideSolutionNode = FALSE
	EndGlobalSection
EndGlobal
